
Microsoft Visual Studio Solution File, Format Version 12.00
# Visual Studio Version 17
VisualStudioVersion = 17.5.002.0
MinimumVisualStudioVersion = 10.0.40219.1
Project("{9A19103F-16F7-4668-BE54-9A1E7A4F7556}") = "Worker", "worker\Worker.csproj", "{C39A28D2-11D5-47D1-BA78-3AF20E3A97CF}"
EndProject
Global
	GlobalSection(SolutionConfigurationPlatforms) = preSolution
		Debug|Any CPU = Debug|Any CPU
		Release|Any CPU = Release|Any CPU
	EndGlobalSection
	GlobalSection(ProjectConfigurationPlatforms) = postSolution
		{C39A28D2-11D5-47D1-BA78-3AF20E3A97CF}.Debug|Any CPU.ActiveCfg = Debug|Any CPU
		{C39A28D2-11D5-47D1-BA78-3AF20E3A97CF}.Debug|Any CPU.Build.0 = Debug|Any CPU
		{C39A28D2-11D5-47D1-BA78-3AF20E3A97CF}.Release|Any CPU.ActiveCfg = Release|Any CPU
		{C39A28D2-11D5-47D1-BA78-3AF20E3A97CF}.Release|Any CPU.Build.0 = Release|Any CPU
	EndGlobalSection
	GlobalSection(SolutionProperties) = preSolution
		HideSolutionNode = FALSE
	EndGlobalSection
	GlobalSection(ExtensibilityGlobals) = postSolution
		SolutionGuid = {02FA16F3-1C3F-4E69-8A22-309FFD00226F}
	EndGlobalSection
EndGlobal
